
Microsoft Visual Studio Solution File, Format Version 12.00
# Visual Studio Version 17
VisualStudioVersion = 17.0.31912.275
MinimumVisualStudioVersion = 10.0.40219.1
Project("{9A19103F-16F7-4668-BE54-9A1E7A4F7556}") = "GraphQL", "GraphQL.csproj", "{41E47E1E-18DE-49C8-9E72-13E245849652}"
EndProject
Project("{9A19103F-16F7-4668-BE54-9A1E7A4F7556}") = "GraphQLDatabase", "..\GraphQLDatabase\GraphQLDatabase.csproj", "{1D9EF994-EF22-4B6E-A15A-3E6DDA243135}"
EndProject
Global
	GlobalSection(SolutionConfigurationPlatforms) = preSolution
		Debug|Any CPU = Debug|Any CPU
		Release|Any CPU = Release|Any CPU
	EndGlobalSection
	GlobalSection(ProjectConfigurationPlatforms) = postSolution
		{41E47E1E-18DE-49C8-9E72-13E245849652}.Debug|Any CPU.ActiveCfg = Debug|Any CPU
		{41E47E1E-18DE-49C8-9E72-13E245849652}.Debug|Any CPU.Build.0 = Debug|Any CPU
		{41E47E1E-18DE-49C8-9E72-13E245849652}.Release|Any CPU.ActiveCfg = Release|Any CPU
		{41E47E1E-18DE-49C8-9E72-13E245849652}.Release|Any CPU.Build.0 = Release|Any CPU
		{1D9EF994-EF22-4B6E-A15A-3E6DDA243135}.Debug|Any CPU.ActiveCfg = Debug|Any CPU
		{1D9EF994-EF22-4B6E-A15A-3E6DDA243135}.Debug|Any CPU.Build.0 = Debug|Any CPU
		{1D9EF994-EF22-4B6E-A15A-3E6DDA243135}.Release|Any CPU.ActiveCfg = Release|Any CPU
		{1D9EF994-EF22-4B6E-A15A-3E6DDA243135}.Release|Any CPU.Build.0 = Release|Any CPU
	EndGlobalSection
	GlobalSection(SolutionProperties) = preSolution
		HideSolutionNode = FALSE
	EndGlobalSection
	GlobalSection(ExtensibilityGlobals) = postSolution
		SolutionGuid = {64F7B1EA-A857-4A58-B748-93788CF847FE}
	EndGlobalSection
EndGlobal
